{
  "requires": true,
  "lockfileVersion": 1,
  "dependencies": {
    "@types/google.visualization": {
      "version": "0.0.58",
      "resolved": "https://registry.npmjs.org/@types/google.visualization/-/google.visualization-0.0.58.tgz",
      "integrity": "sha512-ldwrhRvqSlrCYjHELGZNNMP8m5oPLBb6iU7CfKF2C/YpgRTlHihqsrL5M293u0GL7mKfjm0AjSIgEE2LU8fuTw=="
    },
    "angular-google-charts": {
      "version": "2.2.2",
      "resolved": "https://registry.npmjs.org/angular-google-charts/-/angular-google-charts-2.2.2.tgz",
      "integrity": "sha512-dbNDqhSfqxv1rMMph2xV55+nsXSREClm03bTRpq4nRjpVghC1hVwsqfeg6p/cngB7WgamQmWj5ExTwN6vBzVAg==",
      "requires": {
        "@types/google.visualization": "0.0.58",
        "tslib": "^2.2.0"
      }
    },
    "tslib": {
      "version": "2.3.1",
      "resolved": "https://registry.npmjs.org/tslib/-/tslib-2.3.1.tgz",
      "integrity": "sha512-77EbyPPpMz+FRFRuAFlWMtmgUWGe9UOG2Z25NqCwiIjRhOf5iKGuzSe5P2w1laq+FkRy4p+PCuVkJSGkzTEKVw=="
    }
  }
}
